
Microsoft Visual Studio Solution File, Format Version 12.00
# Visual Studio Version 17
VisualStudioVersion = 17.14.37111.16 d17.14
MinimumVisualStudioVersion = 10.0.40219.1
Project("{FAE04EC0-301F-11D3-BF4B-00C04F79EFBC}") = "Multi_Library_Management_Api", "Multi_Library_Management_Api\Multi_Library_Management_Api.csproj", "{F872AC7B-AEE7-4511-A0CB-544A0E819AA3}"
EndProject
Global
	GlobalSection(SolutionConfigurationPlatforms) = preSolution
		Debug|Any CPU = Debug|Any CPU
		Release|Any CPU = Release|Any CPU
	EndGlobalSection
	GlobalSection(ProjectConfigurationPlatforms) = postSolution
		{F872AC7B-AEE7-4511-A0CB-544A0E819AA3}.Debug|Any CPU.ActiveCfg = Debug|Any CPU
		{F872AC7B-AEE7-4511-A0CB-544A0E819AA3}.Debug|Any CPU.Build.0 = Debug|Any CPU
		{F872AC7B-AEE7-4511-A0CB-544A0E819AA3}.Release|Any CPU.ActiveCfg = Release|Any CPU
		{F872AC7B-AEE7-4511-A0CB-544A0E819AA3}.Release|Any CPU.Build.0 = Release|Any CPU
	EndGlobalSection
	GlobalSection(SolutionProperties) = preSolution
		HideSolutionNode = FALSE
	EndGlobalSection
	GlobalSection(ExtensibilityGlobals) = postSolution
		SolutionGuid = {F7BA5256-0201-4E8E-9215-F0293010C8C6}
	EndGlobalSection
EndGlobal
